
Microsoft Visual Studio Solution File, Format Version 12.00
# Visual Studio 15
VisualStudioVersion = 15.0.27004.2009
MinimumVisualStudioVersion = 10.0.40219.1
Project("{FAE04EC0-301F-11D3-BF4B-00C04F79EFBC}") = "TinyAccountManager.Abstraction", "TinyAccountManager.Abstraction\TinyAccountManager.Abstraction.csproj", "{E8EB6EE2-30FC-4BC3-AE8C-4160172A714C}"
EndProject
Project("{FAE04EC0-301F-11D3-BF4B-00C04F79EFBC}") = "TinyAccountManager.iOS", "TinyAccountManager.iOS\TinyAccountManager.iOS.csproj", "{4AC73EEF-3FA5-4767-8A93-5DB5C7AA9432}"
EndProject
Project("{FAE04EC0-301F-11D3-BF4B-00C04F79EFBC}") = "TinyAccountManager.Droid", "TinyAccountManager.Droid\TinyAccountManager.Droid.csproj", "{FAF32095-2542-4068-B4EE-20786357CDB4}"
EndProject
Project("{FAE04EC0-301F-11D3-BF4B-00C04F79EFBC}") = "TinyAccountManager.UWP", "TinyAccountManager.UWP\TinyAccountManager.UWP.csproj", "{CB69E7DA-FEDC-4612-9F49-A02EBFEC3894}"
EndProject
Global
	GlobalSection(SolutionConfigurationPlatforms) = preSolution
		Debug|Any CPU = Debug|Any CPU
		Debug|ARM = Debug|ARM
		Debug|x64 = Debug|x64
		Debug|x86 = Debug|x86
		Release|Any CPU = Release|Any CPU
		Release|ARM = Release|ARM
		Release|x64 = Release|x64
		Release|x86 = Release|x86
	EndGlobalSection
	GlobalSection(ProjectConfigurationPlatforms) = postSolution
		{E8EB6EE2-30FC-4BC3-AE8C-4160172A714C}.Debug|Any CPU.ActiveCfg = Debug|Any CPU
		{E8EB6EE2-30FC-4BC3-AE8C-4160172A714C}.Debug|Any CPU.Build.0 = Debug|Any CPU
		{E8EB6EE2-30FC-4BC3-AE8C-4160172A714C}.Debug|ARM.ActiveCfg = Debug|Any CPU
		{E8EB6EE2-30FC-4BC3-AE8C-4160172A714C}.Debug|ARM.Build.0 = Debug|Any CPU
		{E8EB6EE2-30FC-4BC3-AE8C-4160172A714C}.Debug|x64.ActiveCfg = Debug|Any CPU
		{E8EB6EE2-30FC-4BC3-AE8C-4160172A714C}.Debug|x64.Build.0 = Debug|Any CPU
		{E8EB6EE2-30FC-4BC3-AE8C-4160172A714C}.Debug|x86.ActiveCfg = Debug|Any CPU
		{E8EB6EE2-30FC-4BC3-AE8C-4160172A714C}.Debug|x86.Build.0 = Debug|Any CPU
		{E8EB6EE2-30FC-4BC3-AE8C-4160172A714C}.Release|Any CPU.ActiveCfg = Release|Any CPU
		{E8EB6EE2-30FC-4BC3-AE8C-4160172A714C}.Release|Any CPU.Build.0 = Release|Any CPU
		{E8EB6EE2-30FC-4BC3-AE8C-4160172A714C}.Release|ARM.ActiveCfg = Release|Any CPU
		{E8EB6EE2-30FC-4BC3-AE8C-4160172A714C}.Release|ARM.Build.0 = Release|Any CPU
		{E8EB6EE2-30FC-4BC3-AE8C-4160172A714C}.Release|x64.ActiveCfg = Release|Any CPU
		{E8EB6EE2-30FC-4BC3-AE8C-4160172A714C}.Release|x64.Build.0 = Release|Any CPU
		{E8EB6EE2-30FC-4BC3-AE8C-4160172A714C}.Release|x86.ActiveCfg = Release|Any CPU
		{E8EB6EE2-30FC-4BC3-AE8C-4160172A714C}.Release|x86.Build.0 = Release|Any CPU
		{4AC73EEF-3FA5-4767-8A93-5DB5C7AA9432}.Debug|Any CPU.ActiveCfg = Debug|Any CPU
		{4AC73EEF-3FA5-4767-8A93-5DB5C7AA9432}.Debug|Any CPU.Build.0 = Debug|Any CPU
		{4AC73EEF-3FA5-4767-8A93-5DB5C7AA9432}.Debug|ARM.ActiveCfg = Debug|Any CPU
		{4AC73EEF-3FA5-4767-8A93-5DB5C7AA9432}.Debug|ARM.Build.0 = Debug|Any CPU
		{4AC73EEF-3FA5-4767-8A93-5DB5C7AA9432}.Debug|x64.ActiveCfg = Debug|Any CPU
		{4AC73EEF-3FA5-4767-8A93-5DB5C7AA9432}.Debug|x64.Build.0 = Debug|Any CPU
		{4AC73EEF-3FA5-4767-8A93-5DB5C7AA9432}.Debug|x86.ActiveCfg = Debug|Any CPU
		{4AC73EEF-3FA5-4767-8A93-5DB5C7AA9432}.Debug|x86.Build.0 = Debug|Any CPU
		{4AC73EEF-3FA5-4767-8A93-5DB5C7AA9432}.Release|Any CPU.ActiveCfg = Release|Any CPU
		{4AC73EEF-3FA5-4767-8A93-5DB5C7AA9432}.Release|Any CPU.Build.0 = Release|Any CPU
		{4AC73EEF-3FA5-4767-8A93-5DB5C7AA9432}.Release|ARM.ActiveCfg = Release|Any CPU
		{4AC73EEF-3FA5-4767-8A93-5DB5C7AA9432}.Release|ARM.Build.0 = Release|Any CPU
		{4AC73EEF-3FA5-4767-8A93-5DB5C7AA9432}.Release|x64.ActiveCfg = Release|Any CPU
		{4AC73EEF-3FA5-4767-8A93-5DB5C7AA9432}.Release|x64.Build.0 = Release|Any CPU
		{4AC73EEF-3FA5-4767-8A93-5DB5C7AA9432}.Release|x86.ActiveCfg = Release|Any CPU
		{4AC73EEF-3FA5-4767-8A93-5DB5C7AA9432}.Release|x86.Build.0 = Release|Any CPU
		{FAF32095-2542-4068-B4EE-20786357CDB4}.Debug|Any CPU.ActiveCfg = Debug|Any CPU
		{FAF32095-2542-4068-B4EE-20786357CDB4}.Debug|Any CPU.Build.0 = Debug|Any CPU
		{FAF32095-2542-4068-B4EE-20786357CDB4}.Debug|ARM.ActiveCfg = Debug|Any CPU
		{FAF32095-2542-4068-B4EE-20786357CDB4}.Debug|ARM.Build.0 = Debug|Any CPU
		{FAF32095-2542-4068-B4EE-20786357CDB4}.Debug|x64.ActiveCfg = Debug|Any CPU
		{FAF32095-2542-4068-B4EE-20786357CDB4}.Debug|x64.Build.0 = Debug|Any CPU
		{FAF32095-2542-4068-B4EE-20786357CDB4}.Debug|x86.ActiveCfg = Debug|Any CPU
		{FAF32095-2542-4068-B4EE-20786357CDB4}.Debug|x86.Build.0 = Debug|Any CPU
		{FAF32095-2542-4068-B4EE-20786357CDB4}.Release|Any CPU.ActiveCfg = Release|Any CPU
		{FAF32095-2542-4068-B4EE-20786357CDB4}.Release|Any CPU.Build.0 = Release|Any CPU
		{FAF32095-2542-4068-B4EE-20786357CDB4}.Release|ARM.ActiveCfg = Release|Any CPU
		{FAF32095-2542-4068-B4EE-20786357CDB4}.Release|ARM.Build.0 = Release|Any CPU
		{FAF32095-2542-4068-B4EE-20786357CDB4}.Release|x64.ActiveCfg = Release|Any CPU
		{FAF32095-2542-4068-B4EE-20786357CDB4}.Release|x64.Build.0 = Release|Any CPU
		{FAF32095-2542-4068-B4EE-20786357CDB4}.Release|x86.ActiveCfg = Release|Any CPU
		{FAF32095-2542-4068-B4EE-20786357CDB4}.Release|x86.Build.0 = Release|Any CPU
		{CB69E7DA-FEDC-4612-9F49-A02EBFEC3894}.Debug|Any CPU.ActiveCfg = Debug|Any CPU
		{CB69E7DA-FEDC-4612-9F49-A02EBFEC3894}.Debug|Any CPU.Build.0 = Debug|Any CPU
		{CB69E7DA-FEDC-4612-9F49-A02EBFEC3894}.Debug|ARM.ActiveCfg = Debug|ARM
		{CB69E7DA-FEDC-4612-9F49-A02EBFEC3894}.Debug|ARM.Build.0 = Debug|ARM
		{CB69E7DA-FEDC-4612-9F49-A02EBFEC3894}.Debug|x64.ActiveCfg = Debug|x64
		{CB69E7DA-FEDC-4612-9F49-A02EBFEC3894}.Debug|x64.Build.0 = Debug|x64
		{CB69E7DA-FEDC-4612-9F49-A02EBFEC3894}.Debug|x86.ActiveCfg = Debug|x86
		{CB69E7DA-FEDC-4612-9F49-A02EBFEC3894}.Debug|x86.Build.0 = Debug|x86
		{CB69E7DA-FEDC-4612-9F49-A02EBFEC3894}.Release|Any CPU.ActiveCfg = Release|Any CPU
		{CB69E7DA-FEDC-4612-9F49-A02EBFEC3894}.Release|Any CPU.Build.0 = Release|Any CPU
		{CB69E7DA-FEDC-4612-9F49-A02EBFEC3894}.Release|ARM.ActiveCfg = Release|ARM
		{CB69E7DA-FEDC-4612-9F49-A02EBFEC3894}.Release|ARM.Build.0 = Release|ARM
		{CB69E7DA-FEDC-4612-9F49-A02EBFEC3894}.Release|x64.ActiveCfg = Release|x64
		{CB69E7DA-FEDC-4612-9F49-A02EBFEC3894}.Release|x64.Build.0 = Release|x64
		{CB69E7DA-FEDC-4612-9F49-A02EBFEC3894}.Release|x86.ActiveCfg = Release|x86
		{CB69E7DA-FEDC-4612-9F49-A02EBFEC3894}.Release|x86.Build.0 = Release|x86
	EndGlobalSection
	GlobalSection(SolutionProperties) = preSolution
		HideSolutionNode = FALSE
	EndGlobalSection
	GlobalSection(ExtensibilityGlobals) = postSolution
		SolutionGuid = {73183445-05CD-4056-95FF-20CF33610636}
	EndGlobalSection
EndGlobal
