
Microsoft Visual Studio Solution File, Format Version 12.00
# Visual Studio 15
VisualStudioVersion = 15.0.27004.2009
MinimumVisualStudioVersion = 10.0.40219.1
Project("{9A19103F-16F7-4668-BE54-9A1E7A4F7556}") = "TinyAccountManager.Abstraction", "TinyAccountManager.Abstraction\TinyAccountManager.Abstraction.csproj", "{E8EB6EE2-30FC-4BC3-AE8C-4160172A714C}"
EndProject
Project("{FAE04EC0-301F-11D3-BF4B-00C04F79EFBC}") = "TinyAccountManager.iOS", "TinyAccountManager.iOS\TinyAccountManager.iOS.csproj", "{4AC73EEF-3FA5-4767-8A93-5DB5C7AA9432}"
EndProject
Project("{FAE04EC0-301F-11D3-BF4B-00C04F79EFBC}") = "TinyAccountManager.Droid", "TinyAccountManager.Droid\TinyAccountManager.Droid.csproj", "{FAF32095-2542-4068-B4EE-20786357CDB4}"
EndProject
Project("{FAE04EC0-301F-11D3-BF4B-00C04F79EFBC}") = "TinyAccountManager.UWP", "TinyAccountManager.UWP\TinyAccountManager.UWP.csproj", "{CB69E7DA-FEDC-4612-9F49-A02EBFEC3894}"
EndProject
Project("{2150E333-8FDC-42A3-9474-1A3956D46DE8}") = "Samples", "Samples", "{DEF21157-4036-4A0B-9B5A-EE9C1CA6366A}"
EndProject
Project("{D954291E-2A0B-460D-934E-DC6B0785DB48}") = "TinyAccountManager.Sample", "TinyAccountManager.Sample\TinyAccountManager.Sample\TinyAccountManager.Sample.shproj", "{90787E3D-CE86-4B58-9CE2-BA6D7F74477A}"
EndProject
Project("{FAE04EC0-301F-11D3-BF4B-00C04F79EFBC}") = "TinyAccountManager.Sample.Android", "TinyAccountManager.Sample\TinyAccountManager.Sample.Android\TinyAccountManager.Sample.Android.csproj", "{B55C2F88-6FD4-4376-A3EB-260C757CB789}"
EndProject
Project("{FAE04EC0-301F-11D3-BF4B-00C04F79EFBC}") = "TinyAccountManager.Sample.iOS", "TinyAccountManager.Sample\TinyAccountManager.Sample.iOS\TinyAccountManager.Sample.iOS.csproj", "{8967E779-81D4-4597-981C-C4602967B278}"
EndProject
Project("{FAE04EC0-301F-11D3-BF4B-00C04F79EFBC}") = "TinyAccountManager.Sample.UWP", "TinyAccountManager.Sample\TinyAccountManager.Sample.UWP\TinyAccountManager.Sample.UWP.csproj", "{725E90FA-C38A-4B9E-8E31-1A861CC29521}"
EndProject
Global
	GlobalSection(SharedMSBuildProjectFiles) = preSolution
		TinyAccountManager.Sample\TinyAccountManager.Sample\TinyAccountManager.Sample.projitems*{725e90fa-c38a-4b9e-8e31-1a861cc29521}*SharedItemsImports = 4
		TinyAccountManager.Sample\TinyAccountManager.Sample\TinyAccountManager.Sample.projitems*{8967e779-81d4-4597-981c-c4602967b278}*SharedItemsImports = 4
		TinyAccountManager.Sample\TinyAccountManager.Sample\TinyAccountManager.Sample.projitems*{90787e3d-ce86-4b58-9ce2-ba6d7f74477a}*SharedItemsImports = 13
		TinyAccountManager.Sample\TinyAccountManager.Sample\TinyAccountManager.Sample.projitems*{b55c2f88-6fd4-4376-a3eb-260c757cb789}*SharedItemsImports = 4
	EndGlobalSection
	GlobalSection(SolutionConfigurationPlatforms) = preSolution
		Ad-Hoc|Any CPU = Ad-Hoc|Any CPU
		Ad-Hoc|ARM = Ad-Hoc|ARM
		Ad-Hoc|iPhone = Ad-Hoc|iPhone
		Ad-Hoc|iPhoneSimulator = Ad-Hoc|iPhoneSimulator
		Ad-Hoc|x64 = Ad-Hoc|x64
		Ad-Hoc|x86 = Ad-Hoc|x86
		AppStore|Any CPU = AppStore|Any CPU
		AppStore|ARM = AppStore|ARM
		AppStore|iPhone = AppStore|iPhone
		AppStore|iPhoneSimulator = AppStore|iPhoneSimulator
		AppStore|x64 = AppStore|x64
		AppStore|x86 = AppStore|x86
		Debug|Any CPU = Debug|Any CPU
		Debug|ARM = Debug|ARM
		Debug|iPhone = Debug|iPhone
		Debug|iPhoneSimulator = Debug|iPhoneSimulator
		Debug|x64 = Debug|x64
		Debug|x86 = Debug|x86
		Release|Any CPU = Release|Any CPU
		Release|ARM = Release|ARM
		Release|iPhone = Release|iPhone
		Release|iPhoneSimulator = Release|iPhoneSimulator
		Release|x64 = Release|x64
		Release|x86 = Release|x86
	EndGlobalSection
	GlobalSection(ProjectConfigurationPlatforms) = postSolution
		{E8EB6EE2-30FC-4BC3-AE8C-4160172A714C}.Ad-Hoc|Any CPU.ActiveCfg = Release|Any CPU
		{E8EB6EE2-30FC-4BC3-AE8C-4160172A714C}.Ad-Hoc|Any CPU.Build.0 = Release|Any CPU
		{E8EB6EE2-30FC-4BC3-AE8C-4160172A714C}.Ad-Hoc|ARM.ActiveCfg = Release|Any CPU
		{E8EB6EE2-30FC-4BC3-AE8C-4160172A714C}.Ad-Hoc|ARM.Build.0 = Release|Any CPU
		{E8EB6EE2-30FC-4BC3-AE8C-4160172A714C}.Ad-Hoc|iPhone.ActiveCfg = Release|Any CPU
		{E8EB6EE2-30FC-4BC3-AE8C-4160172A714C}.Ad-Hoc|iPhone.Build.0 = Release|Any CPU
		{E8EB6EE2-30FC-4BC3-AE8C-4160172A714C}.Ad-Hoc|iPhoneSimulator.ActiveCfg = Release|Any CPU
		{E8EB6EE2-30FC-4BC3-AE8C-4160172A714C}.Ad-Hoc|iPhoneSimulator.Build.0 = Release|Any CPU
		{E8EB6EE2-30FC-4BC3-AE8C-4160172A714C}.Ad-Hoc|x64.ActiveCfg = Release|Any CPU
		{E8EB6EE2-30FC-4BC3-AE8C-4160172A714C}.Ad-Hoc|x64.Build.0 = Release|Any CPU
		{E8EB6EE2-30FC-4BC3-AE8C-4160172A714C}.Ad-Hoc|x86.ActiveCfg = Release|Any CPU
		{E8EB6EE2-30FC-4BC3-AE8C-4160172A714C}.Ad-Hoc|x86.Build.0 = Release|Any CPU
		{E8EB6EE2-30FC-4BC3-AE8C-4160172A714C}.AppStore|Any CPU.ActiveCfg = Release|Any CPU
		{E8EB6EE2-30FC-4BC3-AE8C-4160172A714C}.AppStore|Any CPU.Build.0 = Release|Any CPU
		{E8EB6EE2-30FC-4BC3-AE8C-4160172A714C}.AppStore|ARM.ActiveCfg = Release|Any CPU
		{E8EB6EE2-30FC-4BC3-AE8C-4160172A714C}.AppStore|ARM.Build.0 = Release|Any CPU
		{E8EB6EE2-30FC-4BC3-AE8C-4160172A714C}.AppStore|iPhone.ActiveCfg = Release|Any CPU
		{E8EB6EE2-30FC-4BC3-AE8C-4160172A714C}.AppStore|iPhone.Build.0 = Release|Any CPU
		{E8EB6EE2-30FC-4BC3-AE8C-4160172A714C}.AppStore|iPhoneSimulator.ActiveCfg = Release|Any CPU
		{E8EB6EE2-30FC-4BC3-AE8C-4160172A714C}.AppStore|iPhoneSimulator.Build.0 = Release|Any CPU
		{E8EB6EE2-30FC-4BC3-AE8C-4160172A714C}.AppStore|x64.ActiveCfg = Release|Any CPU
		{E8EB6EE2-30FC-4BC3-AE8C-4160172A714C}.AppStore|x64.Build.0 = Release|Any CPU
		{E8EB6EE2-30FC-4BC3-AE8C-4160172A714C}.AppStore|x86.ActiveCfg = Release|Any CPU
		{E8EB6EE2-30FC-4BC3-AE8C-4160172A714C}.AppStore|x86.Build.0 = Release|Any CPU
		{E8EB6EE2-30FC-4BC3-AE8C-4160172A714C}.Debug|Any CPU.ActiveCfg = Debug|Any CPU
		{E8EB6EE2-30FC-4BC3-AE8C-4160172A714C}.Debug|Any CPU.Build.0 = Debug|Any CPU
		{E8EB6EE2-30FC-4BC3-AE8C-4160172A714C}.Debug|ARM.ActiveCfg = Debug|Any CPU
		{E8EB6EE2-30FC-4BC3-AE8C-4160172A714C}.Debug|ARM.Build.0 = Debug|Any CPU
		{E8EB6EE2-30FC-4BC3-AE8C-4160172A714C}.Debug|iPhone.ActiveCfg = Debug|Any CPU
		{E8EB6EE2-30FC-4BC3-AE8C-4160172A714C}.Debug|iPhone.Build.0 = Debug|Any CPU
		{E8EB6EE2-30FC-4BC3-AE8C-4160172A714C}.Debug|iPhoneSimulator.ActiveCfg = Debug|Any CPU
		{E8EB6EE2-30FC-4BC3-AE8C-4160172A714C}.Debug|iPhoneSimulator.Build.0 = Debug|Any CPU
		{E8EB6EE2-30FC-4BC3-AE8C-4160172A714C}.Debug|x64.ActiveCfg = Debug|Any CPU
		{E8EB6EE2-30FC-4BC3-AE8C-4160172A714C}.Debug|x64.Build.0 = Debug|Any CPU
		{E8EB6EE2-30FC-4BC3-AE8C-4160172A714C}.Debug|x86.ActiveCfg = Debug|Any CPU
		{E8EB6EE2-30FC-4BC3-AE8C-4160172A714C}.Debug|x86.Build.0 = Debug|Any CPU
		{E8EB6EE2-30FC-4BC3-AE8C-4160172A714C}.Release|Any CPU.ActiveCfg = Release|Any CPU
		{E8EB6EE2-30FC-4BC3-AE8C-4160172A714C}.Release|Any CPU.Build.0 = Release|Any CPU
		{E8EB6EE2-30FC-4BC3-AE8C-4160172A714C}.Release|ARM.ActiveCfg = Release|Any CPU
		{E8EB6EE2-30FC-4BC3-AE8C-4160172A714C}.Release|ARM.Build.0 = Release|Any CPU
		{E8EB6EE2-30FC-4BC3-AE8C-4160172A714C}.Release|iPhone.ActiveCfg = Release|Any CPU
		{E8EB6EE2-30FC-4BC3-AE8C-4160172A714C}.Release|iPhone.Build.0 = Release|Any CPU
		{E8EB6EE2-30FC-4BC3-AE8C-4160172A714C}.Release|iPhoneSimulator.ActiveCfg = Release|Any CPU
		{E8EB6EE2-30FC-4BC3-AE8C-4160172A714C}.Release|iPhoneSimulator.Build.0 = Release|Any CPU
		{E8EB6EE2-30FC-4BC3-AE8C-4160172A714C}.Release|x64.ActiveCfg = Release|Any CPU
		{E8EB6EE2-30FC-4BC3-AE8C-4160172A714C}.Release|x64.Build.0 = Release|Any CPU
		{E8EB6EE2-30FC-4BC3-AE8C-4160172A714C}.Release|x86.ActiveCfg = Release|Any CPU
		{E8EB6EE2-30FC-4BC3-AE8C-4160172A714C}.Release|x86.Build.0 = Release|Any CPU
		{4AC73EEF-3FA5-4767-8A93-5DB5C7AA9432}.Ad-Hoc|Any CPU.ActiveCfg = Release|Any CPU
		{4AC73EEF-3FA5-4767-8A93-5DB5C7AA9432}.Ad-Hoc|Any CPU.Build.0 = Release|Any CPU
		{4AC73EEF-3FA5-4767-8A93-5DB5C7AA9432}.Ad-Hoc|ARM.ActiveCfg = Release|Any CPU
		{4AC73EEF-3FA5-4767-8A93-5DB5C7AA9432}.Ad-Hoc|ARM.Build.0 = Release|Any CPU
		{4AC73EEF-3FA5-4767-8A93-5DB5C7AA9432}.Ad-Hoc|iPhone.ActiveCfg = Release|Any CPU
		{4AC73EEF-3FA5-4767-8A93-5DB5C7AA9432}.Ad-Hoc|iPhone.Build.0 = Release|Any CPU
		{4AC73EEF-3FA5-4767-8A93-5DB5C7AA9432}.Ad-Hoc|iPhoneSimulator.ActiveCfg = Release|Any CPU
		{4AC73EEF-3FA5-4767-8A93-5DB5C7AA9432}.Ad-Hoc|iPhoneSimulator.Build.0 = Release|Any CPU
		{4AC73EEF-3FA5-4767-8A93-5DB5C7AA9432}.Ad-Hoc|x64.ActiveCfg = Release|Any CPU
		{4AC73EEF-3FA5-4767-8A93-5DB5C7AA9432}.Ad-Hoc|x64.Build.0 = Release|Any CPU
		{4AC73EEF-3FA5-4767-8A93-5DB5C7AA9432}.Ad-Hoc|x86.ActiveCfg = Release|Any CPU
		{4AC73EEF-3FA5-4767-8A93-5DB5C7AA9432}.Ad-Hoc|x86.Build.0 = Release|Any CPU
		{4AC73EEF-3FA5-4767-8A93-5DB5C7AA9432}.AppStore|Any CPU.ActiveCfg = Release|Any CPU
		{4AC73EEF-3FA5-4767-8A93-5DB5C7AA9432}.AppStore|Any CPU.Build.0 = Release|Any CPU
		{4AC73EEF-3FA5-4767-8A93-5DB5C7AA9432}.AppStore|ARM.ActiveCfg = Release|Any CPU
		{4AC73EEF-3FA5-4767-8A93-5DB5C7AA9432}.AppStore|ARM.Build.0 = Release|Any CPU
		{4AC73EEF-3FA5-4767-8A93-5DB5C7AA9432}.AppStore|iPhone.ActiveCfg = Release|Any CPU
		{4AC73EEF-3FA5-4767-8A93-5DB5C7AA9432}.AppStore|iPhone.Build.0 = Release|Any CPU
		{4AC73EEF-3FA5-4767-8A93-5DB5C7AA9432}.AppStore|iPhoneSimulator.ActiveCfg = Release|Any CPU
		{4AC73EEF-3FA5-4767-8A93-5DB5C7AA9432}.AppStore|iPhoneSimulator.Build.0 = Release|Any CPU
		{4AC73EEF-3FA5-4767-8A93-5DB5C7AA9432}.AppStore|x64.ActiveCfg = Release|Any CPU
		{4AC73EEF-3FA5-4767-8A93-5DB5C7AA9432}.AppStore|x64.Build.0 = Release|Any CPU
		{4AC73EEF-3FA5-4767-8A93-5DB5C7AA9432}.AppStore|x86.ActiveCfg = Release|Any CPU
		{4AC73EEF-3FA5-4767-8A93-5DB5C7AA9432}.AppStore|x86.Build.0 = Release|Any CPU
		{4AC73EEF-3FA5-4767-8A93-5DB5C7AA9432}.Debug|Any CPU.ActiveCfg = Debug|Any CPU
		{4AC73EEF-3FA5-4767-8A93-5DB5C7AA9432}.Debug|Any CPU.Build.0 = Debug|Any CPU
		{4AC73EEF-3FA5-4767-8A93-5DB5C7AA9432}.Debug|ARM.ActiveCfg = Debug|Any CPU
		{4AC73EEF-3FA5-4767-8A93-5DB5C7AA9432}.Debug|ARM.Build.0 = Debug|Any CPU
		{4AC73EEF-3FA5-4767-8A93-5DB5C7AA9432}.Debug|iPhone.ActiveCfg = Debug|Any CPU
		{4AC73EEF-3FA5-4767-8A93-5DB5C7AA9432}.Debug|iPhone.Build.0 = Debug|Any CPU
		{4AC73EEF-3FA5-4767-8A93-5DB5C7AA9432}.Debug|iPhoneSimulator.ActiveCfg = Debug|Any CPU
		{4AC73EEF-3FA5-4767-8A93-5DB5C7AA9432}.Debug|iPhoneSimulator.Build.0 = Debug|Any CPU
		{4AC73EEF-3FA5-4767-8A93-5DB5C7AA9432}.Debug|x64.ActiveCfg = Debug|Any CPU
		{4AC73EEF-3FA5-4767-8A93-5DB5C7AA9432}.Debug|x64.Build.0 = Debug|Any CPU
		{4AC73EEF-3FA5-4767-8A93-5DB5C7AA9432}.Debug|x86.ActiveCfg = Debug|Any CPU
		{4AC73EEF-3FA5-4767-8A93-5DB5C7AA9432}.Debug|x86.Build.0 = Debug|Any CPU
		{4AC73EEF-3FA5-4767-8A93-5DB5C7AA9432}.Release|Any CPU.ActiveCfg = Release|Any CPU
		{4AC73EEF-3FA5-4767-8A93-5DB5C7AA9432}.Release|Any CPU.Build.0 = Release|Any CPU
		{4AC73EEF-3FA5-4767-8A93-5DB5C7AA9432}.Release|ARM.ActiveCfg = Release|Any CPU
		{4AC73EEF-3FA5-4767-8A93-5DB5C7AA9432}.Release|ARM.Build.0 = Release|Any CPU
		{4AC73EEF-3FA5-4767-8A93-5DB5C7AA9432}.Release|iPhone.ActiveCfg = Release|Any CPU
		{4AC73EEF-3FA5-4767-8A93-5DB5C7AA9432}.Release|iPhone.Build.0 = Release|Any CPU
		{4AC73EEF-3FA5-4767-8A93-5DB5C7AA9432}.Release|iPhoneSimulator.ActiveCfg = Release|Any CPU
		{4AC73EEF-3FA5-4767-8A93-5DB5C7AA9432}.Release|iPhoneSimulator.Build.0 = Release|Any CPU
		{4AC73EEF-3FA5-4767-8A93-5DB5C7AA9432}.Release|x64.ActiveCfg = Release|Any CPU
		{4AC73EEF-3FA5-4767-8A93-5DB5C7AA9432}.Release|x64.Build.0 = Release|Any CPU
		{4AC73EEF-3FA5-4767-8A93-5DB5C7AA9432}.Release|x86.ActiveCfg = Release|Any CPU
		{4AC73EEF-3FA5-4767-8A93-5DB5C7AA9432}.Release|x86.Build.0 = Release|Any CPU
		{FAF32095-2542-4068-B4EE-20786357CDB4}.Ad-Hoc|Any CPU.ActiveCfg = Release|Any CPU
		{FAF32095-2542-4068-B4EE-20786357CDB4}.Ad-Hoc|Any CPU.Build.0 = Release|Any CPU
		{FAF32095-2542-4068-B4EE-20786357CDB4}.Ad-Hoc|ARM.ActiveCfg = Release|Any CPU
		{FAF32095-2542-4068-B4EE-20786357CDB4}.Ad-Hoc|ARM.Build.0 = Release|Any CPU
		{FAF32095-2542-4068-B4EE-20786357CDB4}.Ad-Hoc|iPhone.ActiveCfg = Release|Any CPU
		{FAF32095-2542-4068-B4EE-20786357CDB4}.Ad-Hoc|iPhone.Build.0 = Release|Any CPU
		{FAF32095-2542-4068-B4EE-20786357CDB4}.Ad-Hoc|iPhoneSimulator.ActiveCfg = Release|Any CPU
		{FAF32095-2542-4068-B4EE-20786357CDB4}.Ad-Hoc|iPhoneSimulator.Build.0 = Release|Any CPU
		{FAF32095-2542-4068-B4EE-20786357CDB4}.Ad-Hoc|x64.ActiveCfg = Release|Any CPU
		{FAF32095-2542-4068-B4EE-20786357CDB4}.Ad-Hoc|x64.Build.0 = Release|Any CPU
		{FAF32095-2542-4068-B4EE-20786357CDB4}.Ad-Hoc|x86.ActiveCfg = Release|Any CPU
		{FAF32095-2542-4068-B4EE-20786357CDB4}.Ad-Hoc|x86.Build.0 = Release|Any CPU
		{FAF32095-2542-4068-B4EE-20786357CDB4}.AppStore|Any CPU.ActiveCfg = Release|Any CPU
		{FAF32095-2542-4068-B4EE-20786357CDB4}.AppStore|Any CPU.Build.0 = Release|Any CPU
		{FAF32095-2542-4068-B4EE-20786357CDB4}.AppStore|ARM.ActiveCfg = Release|Any CPU
		{FAF32095-2542-4068-B4EE-20786357CDB4}.AppStore|ARM.Build.0 = Release|Any CPU
		{FAF32095-2542-4068-B4EE-20786357CDB4}.AppStore|iPhone.ActiveCfg = Release|Any CPU
		{FAF32095-2542-4068-B4EE-20786357CDB4}.AppStore|iPhoneSimulator.ActiveCfg = Release|Any CPU
		{FAF32095-2542-4068-B4EE-20786357CDB4}.AppStore|iPhoneSimulator.Build.0 = Release|Any CPU
		{FAF32095-2542-4068-B4EE-20786357CDB4}.AppStore|x64.ActiveCfg = Release|Any CPU
		{FAF32095-2542-4068-B4EE-20786357CDB4}.AppStore|x64.Build.0 = Release|Any CPU
		{FAF32095-2542-4068-B4EE-20786357CDB4}.AppStore|x86.ActiveCfg = Release|Any CPU
		{FAF32095-2542-4068-B4EE-20786357CDB4}.AppStore|x86.Build.0 = Release|Any CPU
		{FAF32095-2542-4068-B4EE-20786357CDB4}.Debug|Any CPU.ActiveCfg = Debug|Any CPU
		{FAF32095-2542-4068-B4EE-20786357CDB4}.Debug|Any CPU.Build.0 = Debug|Any CPU
		{FAF32095-2542-4068-B4EE-20786357CDB4}.Debug|ARM.ActiveCfg = Debug|Any CPU
		{FAF32095-2542-4068-B4EE-20786357CDB4}.Debug|ARM.Build.0 = Debug|Any CPU
		{FAF32095-2542-4068-B4EE-20786357CDB4}.Debug|iPhone.ActiveCfg = Debug|Any CPU
		{FAF32095-2542-4068-B4EE-20786357CDB4}.Debug|iPhone.Build.0 = Debug|Any CPU
		{FAF32095-2542-4068-B4EE-20786357CDB4}.Debug|iPhoneSimulator.ActiveCfg = Debug|Any CPU
		{FAF32095-2542-4068-B4EE-20786357CDB4}.Debug|iPhoneSimulator.Build.0 = Debug|Any CPU
		{FAF32095-2542-4068-B4EE-20786357CDB4}.Debug|x64.ActiveCfg = Debug|Any CPU
		{FAF32095-2542-4068-B4EE-20786357CDB4}.Debug|x64.Build.0 = Debug|Any CPU
		{FAF32095-2542-4068-B4EE-20786357CDB4}.Debug|x86.ActiveCfg = Debug|Any CPU
		{FAF32095-2542-4068-B4EE-20786357CDB4}.Debug|x86.Build.0 = Debug|Any CPU
		{FAF32095-2542-4068-B4EE-20786357CDB4}.Release|Any CPU.ActiveCfg = Release|Any CPU
		{FAF32095-2542-4068-B4EE-20786357CDB4}.Release|Any CPU.Build.0 = Release|Any CPU
		{FAF32095-2542-4068-B4EE-20786357CDB4}.Release|ARM.ActiveCfg = Release|Any CPU
		{FAF32095-2542-4068-B4EE-20786357CDB4}.Release|ARM.Build.0 = Release|Any CPU
		{FAF32095-2542-4068-B4EE-20786357CDB4}.Release|iPhone.ActiveCfg = Release|Any CPU
		{FAF32095-2542-4068-B4EE-20786357CDB4}.Release|iPhone.Build.0 = Release|Any CPU
		{FAF32095-2542-4068-B4EE-20786357CDB4}.Release|iPhoneSimulator.ActiveCfg = Release|Any CPU
		{FAF32095-2542-4068-B4EE-20786357CDB4}.Release|iPhoneSimulator.Build.0 = Release|Any CPU
		{FAF32095-2542-4068-B4EE-20786357CDB4}.Release|x64.ActiveCfg = Release|Any CPU
		{FAF32095-2542-4068-B4EE-20786357CDB4}.Release|x64.Build.0 = Release|Any CPU
		{FAF32095-2542-4068-B4EE-20786357CDB4}.Release|x86.ActiveCfg = Release|Any CPU
		{FAF32095-2542-4068-B4EE-20786357CDB4}.Release|x86.Build.0 = Release|Any CPU
		{CB69E7DA-FEDC-4612-9F49-A02EBFEC3894}.Ad-Hoc|Any CPU.ActiveCfg = Release|Any CPU
		{CB69E7DA-FEDC-4612-9F49-A02EBFEC3894}.Ad-Hoc|Any CPU.Build.0 = Release|Any CPU
		{CB69E7DA-FEDC-4612-9F49-A02EBFEC3894}.Ad-Hoc|ARM.ActiveCfg = Release|ARM
		{CB69E7DA-FEDC-4612-9F49-A02EBFEC3894}.Ad-Hoc|ARM.Build.0 = Release|ARM
		{CB69E7DA-FEDC-4612-9F49-A02EBFEC3894}.Ad-Hoc|iPhone.ActiveCfg = Release|Any CPU
		{CB69E7DA-FEDC-4612-9F49-A02EBFEC3894}.Ad-Hoc|iPhone.Build.0 = Release|Any CPU
		{CB69E7DA-FEDC-4612-9F49-A02EBFEC3894}.Ad-Hoc|iPhoneSimulator.ActiveCfg = Release|Any CPU
		{CB69E7DA-FEDC-4612-9F49-A02EBFEC3894}.Ad-Hoc|iPhoneSimulator.Build.0 = Release|Any CPU
		{CB69E7DA-FEDC-4612-9F49-A02EBFEC3894}.Ad-Hoc|x64.ActiveCfg = Release|x64
		{CB69E7DA-FEDC-4612-9F49-A02EBFEC3894}.Ad-Hoc|x64.Build.0 = Release|x64
		{CB69E7DA-FEDC-4612-9F49-A02EBFEC3894}.Ad-Hoc|x86.ActiveCfg = Release|x86
		{CB69E7DA-FEDC-4612-9F49-A02EBFEC3894}.Ad-Hoc|x86.Build.0 = Release|x86
		{CB69E7DA-FEDC-4612-9F49-A02EBFEC3894}.AppStore|Any CPU.ActiveCfg = Release|Any CPU
		{CB69E7DA-FEDC-4612-9F49-A02EBFEC3894}.AppStore|Any CPU.Build.0 = Release|Any CPU
		{CB69E7DA-FEDC-4612-9F49-A02EBFEC3894}.AppStore|ARM.ActiveCfg = Release|ARM
		{CB69E7DA-FEDC-4612-9F49-A02EBFEC3894}.AppStore|ARM.Build.0 = Release|ARM
		{CB69E7DA-FEDC-4612-9F49-A02EBFEC3894}.AppStore|iPhone.ActiveCfg = Release|Any CPU
		{CB69E7DA-FEDC-4612-9F49-A02EBFEC3894}.AppStore|iPhoneSimulator.ActiveCfg = Release|Any CPU
		{CB69E7DA-FEDC-4612-9F49-A02EBFEC3894}.AppStore|iPhoneSimulator.Build.0 = Release|Any CPU
		{CB69E7DA-FEDC-4612-9F49-A02EBFEC3894}.AppStore|x64.ActiveCfg = Release|x64
		{CB69E7DA-FEDC-4612-9F49-A02EBFEC3894}.AppStore|x64.Build.0 = Release|x64
		{CB69E7DA-FEDC-4612-9F49-A02EBFEC3894}.AppStore|x86.ActiveCfg = Release|x86
		{CB69E7DA-FEDC-4612-9F49-A02EBFEC3894}.AppStore|x86.Build.0 = Release|x86
		{CB69E7DA-FEDC-4612-9F49-A02EBFEC3894}.Debug|Any CPU.ActiveCfg = Debug|Any CPU
		{CB69E7DA-FEDC-4612-9F49-A02EBFEC3894}.Debug|Any CPU.Build.0 = Debug|Any CPU
		{CB69E7DA-FEDC-4612-9F49-A02EBFEC3894}.Debug|ARM.ActiveCfg = Debug|ARM
		{CB69E7DA-FEDC-4612-9F49-A02EBFEC3894}.Debug|ARM.Build.0 = Debug|ARM
		{CB69E7DA-FEDC-4612-9F49-A02EBFEC3894}.Debug|iPhone.ActiveCfg = Debug|Any CPU
		{CB69E7DA-FEDC-4612-9F49-A02EBFEC3894}.Debug|iPhone.Build.0 = Debug|Any CPU
		{CB69E7DA-FEDC-4612-9F49-A02EBFEC3894}.Debug|iPhoneSimulator.ActiveCfg = Debug|Any CPU
		{CB69E7DA-FEDC-4612-9F49-A02EBFEC3894}.Debug|iPhoneSimulator.Build.0 = Debug|Any CPU
		{CB69E7DA-FEDC-4612-9F49-A02EBFEC3894}.Debug|x64.ActiveCfg = Debug|x64
		{CB69E7DA-FEDC-4612-9F49-A02EBFEC3894}.Debug|x64.Build.0 = Debug|x64
		{CB69E7DA-FEDC-4612-9F49-A02EBFEC3894}.Debug|x86.ActiveCfg = Debug|x86
		{CB69E7DA-FEDC-4612-9F49-A02EBFEC3894}.Debug|x86.Build.0 = Debug|x86
		{CB69E7DA-FEDC-4612-9F49-A02EBFEC3894}.Release|Any CPU.ActiveCfg = Release|Any CPU
		{CB69E7DA-FEDC-4612-9F49-A02EBFEC3894}.Release|Any CPU.Build.0 = Release|Any CPU
		{CB69E7DA-FEDC-4612-9F49-A02EBFEC3894}.Release|ARM.ActiveCfg = Release|ARM
		{CB69E7DA-FEDC-4612-9F49-A02EBFEC3894}.Release|ARM.Build.0 = Release|ARM
		{CB69E7DA-FEDC-4612-9F49-A02EBFEC3894}.Release|iPhone.ActiveCfg = Release|Any CPU
		{CB69E7DA-FEDC-4612-9F49-A02EBFEC3894}.Release|iPhone.Build.0 = Release|Any CPU
		{CB69E7DA-FEDC-4612-9F49-A02EBFEC3894}.Release|iPhoneSimulator.ActiveCfg = Release|Any CPU
		{CB69E7DA-FEDC-4612-9F49-A02EBFEC3894}.Release|iPhoneSimulator.Build.0 = Release|Any CPU
		{CB69E7DA-FEDC-4612-9F49-A02EBFEC3894}.Release|x64.ActiveCfg = Release|x64
		{CB69E7DA-FEDC-4612-9F49-A02EBFEC3894}.Release|x64.Build.0 = Release|x64
		{CB69E7DA-FEDC-4612-9F49-A02EBFEC3894}.Release|x86.ActiveCfg = Release|x86
		{CB69E7DA-FEDC-4612-9F49-A02EBFEC3894}.Release|x86.Build.0 = Release|x86
		{B55C2F88-6FD4-4376-A3EB-260C757CB789}.Ad-Hoc|Any CPU.ActiveCfg = Release|Any CPU
		{B55C2F88-6FD4-4376-A3EB-260C757CB789}.Ad-Hoc|Any CPU.Build.0 = Release|Any CPU
		{B55C2F88-6FD4-4376-A3EB-260C757CB789}.Ad-Hoc|Any CPU.Deploy.0 = Release|Any CPU
		{B55C2F88-6FD4-4376-A3EB-260C757CB789}.Ad-Hoc|ARM.ActiveCfg = Release|Any CPU
		{B55C2F88-6FD4-4376-A3EB-260C757CB789}.Ad-Hoc|ARM.Build.0 = Release|Any CPU
		{B55C2F88-6FD4-4376-A3EB-260C757CB789}.Ad-Hoc|ARM.Deploy.0 = Release|Any CPU
		{B55C2F88-6FD4-4376-A3EB-260C757CB789}.Ad-Hoc|iPhone.ActiveCfg = Release|Any CPU
		{B55C2F88-6FD4-4376-A3EB-260C757CB789}.Ad-Hoc|iPhone.Build.0 = Release|Any CPU
		{B55C2F88-6FD4-4376-A3EB-260C757CB789}.Ad-Hoc|iPhone.Deploy.0 = Release|Any CPU
		{B55C2F88-6FD4-4376-A3EB-260C757CB789}.Ad-Hoc|iPhoneSimulator.ActiveCfg = Release|Any CPU
		{B55C2F88-6FD4-4376-A3EB-260C757CB789}.Ad-Hoc|iPhoneSimulator.Build.0 = Release|Any CPU
		{B55C2F88-6FD4-4376-A3EB-260C757CB789}.Ad-Hoc|iPhoneSimulator.Deploy.0 = Release|Any CPU
		{B55C2F88-6FD4-4376-A3EB-260C757CB789}.Ad-Hoc|x64.ActiveCfg = Release|Any CPU
		{B55C2F88-6FD4-4376-A3EB-260C757CB789}.Ad-Hoc|x64.Build.0 = Release|Any CPU
		{B55C2F88-6FD4-4376-A3EB-260C757CB789}.Ad-Hoc|x64.Deploy.0 = Release|Any CPU
		{B55C2F88-6FD4-4376-A3EB-260C757CB789}.Ad-Hoc|x86.ActiveCfg = Release|Any CPU
		{B55C2F88-6FD4-4376-A3EB-260C757CB789}.Ad-Hoc|x86.Build.0 = Release|Any CPU
		{B55C2F88-6FD4-4376-A3EB-260C757CB789}.Ad-Hoc|x86.Deploy.0 = Release|Any CPU
		{B55C2F88-6FD4-4376-A3EB-260C757CB789}.AppStore|Any CPU.ActiveCfg = Release|Any CPU
		{B55C2F88-6FD4-4376-A3EB-260C757CB789}.AppStore|Any CPU.Build.0 = Release|Any CPU
		{B55C2F88-6FD4-4376-A3EB-260C757CB789}.AppStore|Any CPU.Deploy.0 = Release|Any CPU
		{B55C2F88-6FD4-4376-A3EB-260C757CB789}.AppStore|ARM.ActiveCfg = Release|Any CPU
		{B55C2F88-6FD4-4376-A3EB-260C757CB789}.AppStore|ARM.Build.0 = Release|Any CPU
		{B55C2F88-6FD4-4376-A3EB-260C757CB789}.AppStore|ARM.Deploy.0 = Release|Any CPU
		{B55C2F88-6FD4-4376-A3EB-260C757CB789}.AppStore|iPhone.ActiveCfg = Release|Any CPU
		{B55C2F88-6FD4-4376-A3EB-260C757CB789}.AppStore|iPhoneSimulator.ActiveCfg = Release|Any CPU
		{B55C2F88-6FD4-4376-A3EB-260C757CB789}.AppStore|iPhoneSimulator.Build.0 = Release|Any CPU
		{B55C2F88-6FD4-4376-A3EB-260C757CB789}.AppStore|iPhoneSimulator.Deploy.0 = Release|Any CPU
		{B55C2F88-6FD4-4376-A3EB-260C757CB789}.AppStore|x64.ActiveCfg = Release|Any CPU
		{B55C2F88-6FD4-4376-A3EB-260C757CB789}.AppStore|x64.Build.0 = Release|Any CPU
		{B55C2F88-6FD4-4376-A3EB-260C757CB789}.AppStore|x64.Deploy.0 = Release|Any CPU
		{B55C2F88-6FD4-4376-A3EB-260C757CB789}.AppStore|x86.ActiveCfg = Release|Any CPU
		{B55C2F88-6FD4-4376-A3EB-260C757CB789}.AppStore|x86.Build.0 = Release|Any CPU
		{B55C2F88-6FD4-4376-A3EB-260C757CB789}.AppStore|x86.Deploy.0 = Release|Any CPU
		{B55C2F88-6FD4-4376-A3EB-260C757CB789}.Debug|Any CPU.ActiveCfg = Debug|Any CPU
		{B55C2F88-6FD4-4376-A3EB-260C757CB789}.Debug|Any CPU.Build.0 = Debug|Any CPU
		{B55C2F88-6FD4-4376-A3EB-260C757CB789}.Debug|Any CPU.Deploy.0 = Debug|Any CPU
		{B55C2F88-6FD4-4376-A3EB-260C757CB789}.Debug|ARM.ActiveCfg = Debug|Any CPU
		{B55C2F88-6FD4-4376-A3EB-260C757CB789}.Debug|ARM.Build.0 = Debug|Any CPU
		{B55C2F88-6FD4-4376-A3EB-260C757CB789}.Debug|ARM.Deploy.0 = Debug|Any CPU
		{B55C2F88-6FD4-4376-A3EB-260C757CB789}.Debug|iPhone.ActiveCfg = Debug|Any CPU
		{B55C2F88-6FD4-4376-A3EB-260C757CB789}.Debug|iPhone.Build.0 = Debug|Any CPU
		{B55C2F88-6FD4-4376-A3EB-260C757CB789}.Debug|iPhone.Deploy.0 = Debug|Any CPU
		{B55C2F88-6FD4-4376-A3EB-260C757CB789}.Debug|iPhoneSimulator.ActiveCfg = Debug|Any CPU
		{B55C2F88-6FD4-4376-A3EB-260C757CB789}.Debug|iPhoneSimulator.Build.0 = Debug|Any CPU
		{B55C2F88-6FD4-4376-A3EB-260C757CB789}.Debug|iPhoneSimulator.Deploy.0 = Debug|Any CPU
		{B55C2F88-6FD4-4376-A3EB-260C757CB789}.Debug|x64.ActiveCfg = Debug|Any CPU
		{B55C2F88-6FD4-4376-A3EB-260C757CB789}.Debug|x64.Build.0 = Debug|Any CPU
		{B55C2F88-6FD4-4376-A3EB-260C757CB789}.Debug|x64.Deploy.0 = Debug|Any CPU
		{B55C2F88-6FD4-4376-A3EB-260C757CB789}.Debug|x86.ActiveCfg = Debug|Any CPU
		{B55C2F88-6FD4-4376-A3EB-260C757CB789}.Debug|x86.Build.0 = Debug|Any CPU
		{B55C2F88-6FD4-4376-A3EB-260C757CB789}.Debug|x86.Deploy.0 = Debug|Any CPU
		{B55C2F88-6FD4-4376-A3EB-260C757CB789}.Release|Any CPU.ActiveCfg = Release|Any CPU
		{B55C2F88-6FD4-4376-A3EB-260C757CB789}.Release|Any CPU.Build.0 = Release|Any CPU
		{B55C2F88-6FD4-4376-A3EB-260C757CB789}.Release|Any CPU.Deploy.0 = Release|Any CPU
		{B55C2F88-6FD4-4376-A3EB-260C757CB789}.Release|ARM.ActiveCfg = Release|Any CPU
		{B55C2F88-6FD4-4376-A3EB-260C757CB789}.Release|ARM.Build.0 = Release|Any CPU
		{B55C2F88-6FD4-4376-A3EB-260C757CB789}.Release|ARM.Deploy.0 = Release|Any CPU
		{B55C2F88-6FD4-4376-A3EB-260C757CB789}.Release|iPhone.ActiveCfg = Release|Any CPU
		{B55C2F88-6FD4-4376-A3EB-260C757CB789}.Release|iPhone.Build.0 = Release|Any CPU
		{B55C2F88-6FD4-4376-A3EB-260C757CB789}.Release|iPhone.Deploy.0 = Release|Any CPU
		{B55C2F88-6FD4-4376-A3EB-260C757CB789}.Release|iPhoneSimulator.ActiveCfg = Release|Any CPU
		{B55C2F88-6FD4-4376-A3EB-260C757CB789}.Release|iPhoneSimulator.Build.0 = Release|Any CPU
		{B55C2F88-6FD4-4376-A3EB-260C757CB789}.Release|iPhoneSimulator.Deploy.0 = Release|Any CPU
		{B55C2F88-6FD4-4376-A3EB-260C757CB789}.Release|x64.ActiveCfg = Release|Any CPU
		{B55C2F88-6FD4-4376-A3EB-260C757CB789}.Release|x64.Build.0 = Release|Any CPU
		{B55C2F88-6FD4-4376-A3EB-260C757CB789}.Release|x64.Deploy.0 = Release|Any CPU
		{B55C2F88-6FD4-4376-A3EB-260C757CB789}.Release|x86.ActiveCfg = Release|Any CPU
		{B55C2F88-6FD4-4376-A3EB-260C757CB789}.Release|x86.Build.0 = Release|Any CPU
		{B55C2F88-6FD4-4376-A3EB-260C757CB789}.Release|x86.Deploy.0 = Release|Any CPU
		{8967E779-81D4-4597-981C-C4602967B278}.Ad-Hoc|Any CPU.ActiveCfg = Ad-Hoc|iPhone
		{8967E779-81D4-4597-981C-C4602967B278}.Ad-Hoc|ARM.ActiveCfg = Ad-Hoc|iPhone
		{8967E779-81D4-4597-981C-C4602967B278}.Ad-Hoc|iPhone.ActiveCfg = Ad-Hoc|iPhone
		{8967E779-81D4-4597-981C-C4602967B278}.Ad-Hoc|iPhone.Build.0 = Ad-Hoc|iPhone
		{8967E779-81D4-4597-981C-C4602967B278}.Ad-Hoc|iPhoneSimulator.ActiveCfg = Ad-Hoc|iPhoneSimulator
		{8967E779-81D4-4597-981C-C4602967B278}.Ad-Hoc|iPhoneSimulator.Build.0 = Ad-Hoc|iPhoneSimulator
		{8967E779-81D4-4597-981C-C4602967B278}.Ad-Hoc|x64.ActiveCfg = Ad-Hoc|iPhone
		{8967E779-81D4-4597-981C-C4602967B278}.Ad-Hoc|x86.ActiveCfg = Ad-Hoc|iPhone
		{8967E779-81D4-4597-981C-C4602967B278}.AppStore|Any CPU.ActiveCfg = AppStore|iPhone
		{8967E779-81D4-4597-981C-C4602967B278}.AppStore|ARM.ActiveCfg = AppStore|iPhone
		{8967E779-81D4-4597-981C-C4602967B278}.AppStore|iPhone.ActiveCfg = AppStore|iPhone
		{8967E779-81D4-4597-981C-C4602967B278}.AppStore|iPhoneSimulator.ActiveCfg = AppStore|iPhoneSimulator
		{8967E779-81D4-4597-981C-C4602967B278}.AppStore|iPhoneSimulator.Build.0 = AppStore|iPhoneSimulator
		{8967E779-81D4-4597-981C-C4602967B278}.AppStore|x64.ActiveCfg = AppStore|iPhone
		{8967E779-81D4-4597-981C-C4602967B278}.AppStore|x86.ActiveCfg = AppStore|iPhone
		{8967E779-81D4-4597-981C-C4602967B278}.Debug|Any CPU.ActiveCfg = Debug|iPhone
		{8967E779-81D4-4597-981C-C4602967B278}.Debug|ARM.ActiveCfg = Debug|iPhone
		{8967E779-81D4-4597-981C-C4602967B278}.Debug|iPhone.ActiveCfg = Debug|iPhone
		{8967E779-81D4-4597-981C-C4602967B278}.Debug|iPhone.Build.0 = Debug|iPhone
		{8967E779-81D4-4597-981C-C4602967B278}.Debug|iPhoneSimulator.ActiveCfg = Debug|iPhoneSimulator
		{8967E779-81D4-4597-981C-C4602967B278}.Debug|iPhoneSimulator.Build.0 = Debug|iPhoneSimulator
		{8967E779-81D4-4597-981C-C4602967B278}.Debug|x64.ActiveCfg = Debug|iPhone
		{8967E779-81D4-4597-981C-C4602967B278}.Debug|x86.ActiveCfg = Debug|iPhone
		{8967E779-81D4-4597-981C-C4602967B278}.Release|Any CPU.ActiveCfg = Release|iPhone
		{8967E779-81D4-4597-981C-C4602967B278}.Release|ARM.ActiveCfg = Release|iPhone
		{8967E779-81D4-4597-981C-C4602967B278}.Release|iPhone.ActiveCfg = Release|iPhone
		{8967E779-81D4-4597-981C-C4602967B278}.Release|iPhone.Build.0 = Release|iPhone
		{8967E779-81D4-4597-981C-C4602967B278}.Release|iPhoneSimulator.ActiveCfg = Release|iPhoneSimulator
		{8967E779-81D4-4597-981C-C4602967B278}.Release|iPhoneSimulator.Build.0 = Release|iPhoneSimulator
		{8967E779-81D4-4597-981C-C4602967B278}.Release|x64.ActiveCfg = Release|iPhone
		{8967E779-81D4-4597-981C-C4602967B278}.Release|x86.ActiveCfg = Release|iPhone
		{725E90FA-C38A-4B9E-8E31-1A861CC29521}.Ad-Hoc|Any CPU.ActiveCfg = Release|x86
		{725E90FA-C38A-4B9E-8E31-1A861CC29521}.Ad-Hoc|Any CPU.Build.0 = Release|x86
		{725E90FA-C38A-4B9E-8E31-1A861CC29521}.Ad-Hoc|Any CPU.Deploy.0 = Release|x86
		{725E90FA-C38A-4B9E-8E31-1A861CC29521}.Ad-Hoc|ARM.ActiveCfg = Release|ARM
		{725E90FA-C38A-4B9E-8E31-1A861CC29521}.Ad-Hoc|ARM.Build.0 = Release|ARM
		{725E90FA-C38A-4B9E-8E31-1A861CC29521}.Ad-Hoc|ARM.Deploy.0 = Release|ARM
		{725E90FA-C38A-4B9E-8E31-1A861CC29521}.Ad-Hoc|iPhone.ActiveCfg = Release|x86
		{725E90FA-C38A-4B9E-8E31-1A861CC29521}.Ad-Hoc|iPhone.Build.0 = Release|x86
		{725E90FA-C38A-4B9E-8E31-1A861CC29521}.Ad-Hoc|iPhone.Deploy.0 = Release|x86
		{725E90FA-C38A-4B9E-8E31-1A861CC29521}.Ad-Hoc|iPhoneSimulator.ActiveCfg = Release|x86
		{725E90FA-C38A-4B9E-8E31-1A861CC29521}.Ad-Hoc|iPhoneSimulator.Build.0 = Release|x86
		{725E90FA-C38A-4B9E-8E31-1A861CC29521}.Ad-Hoc|iPhoneSimulator.Deploy.0 = Release|x86
		{725E90FA-C38A-4B9E-8E31-1A861CC29521}.Ad-Hoc|x64.ActiveCfg = Release|x64
		{725E90FA-C38A-4B9E-8E31-1A861CC29521}.Ad-Hoc|x64.Build.0 = Release|x64
		{725E90FA-C38A-4B9E-8E31-1A861CC29521}.Ad-Hoc|x64.Deploy.0 = Release|x64
		{725E90FA-C38A-4B9E-8E31-1A861CC29521}.Ad-Hoc|x86.ActiveCfg = Release|x86
		{725E90FA-C38A-4B9E-8E31-1A861CC29521}.Ad-Hoc|x86.Build.0 = Release|x86
		{725E90FA-C38A-4B9E-8E31-1A861CC29521}.Ad-Hoc|x86.Deploy.0 = Release|x86
		{725E90FA-C38A-4B9E-8E31-1A861CC29521}.AppStore|Any CPU.ActiveCfg = Release|x86
		{725E90FA-C38A-4B9E-8E31-1A861CC29521}.AppStore|Any CPU.Build.0 = Release|x86
		{725E90FA-C38A-4B9E-8E31-1A861CC29521}.AppStore|Any CPU.Deploy.0 = Release|x86
		{725E90FA-C38A-4B9E-8E31-1A861CC29521}.AppStore|ARM.ActiveCfg = Release|ARM
		{725E90FA-C38A-4B9E-8E31-1A861CC29521}.AppStore|ARM.Build.0 = Release|ARM
		{725E90FA-C38A-4B9E-8E31-1A861CC29521}.AppStore|ARM.Deploy.0 = Release|ARM
		{725E90FA-C38A-4B9E-8E31-1A861CC29521}.AppStore|iPhone.ActiveCfg = Release|x86
		{725E90FA-C38A-4B9E-8E31-1A861CC29521}.AppStore|iPhoneSimulator.ActiveCfg = Release|x86
		{725E90FA-C38A-4B9E-8E31-1A861CC29521}.AppStore|iPhoneSimulator.Build.0 = Release|x86
		{725E90FA-C38A-4B9E-8E31-1A861CC29521}.AppStore|iPhoneSimulator.Deploy.0 = Release|x86
		{725E90FA-C38A-4B9E-8E31-1A861CC29521}.AppStore|x64.ActiveCfg = Release|x64
		{725E90FA-C38A-4B9E-8E31-1A861CC29521}.AppStore|x64.Build.0 = Release|x64
		{725E90FA-C38A-4B9E-8E31-1A861CC29521}.AppStore|x64.Deploy.0 = Release|x64
		{725E90FA-C38A-4B9E-8E31-1A861CC29521}.AppStore|x86.ActiveCfg = Release|x86
		{725E90FA-C38A-4B9E-8E31-1A861CC29521}.AppStore|x86.Build.0 = Release|x86
		{725E90FA-C38A-4B9E-8E31-1A861CC29521}.AppStore|x86.Deploy.0 = Release|x86
		{725E90FA-C38A-4B9E-8E31-1A861CC29521}.Debug|Any CPU.ActiveCfg = Debug|x86
		{725E90FA-C38A-4B9E-8E31-1A861CC29521}.Debug|ARM.ActiveCfg = Debug|ARM
		{725E90FA-C38A-4B9E-8E31-1A861CC29521}.Debug|ARM.Build.0 = Debug|ARM
		{725E90FA-C38A-4B9E-8E31-1A861CC29521}.Debug|ARM.Deploy.0 = Debug|ARM
		{725E90FA-C38A-4B9E-8E31-1A861CC29521}.Debug|iPhone.ActiveCfg = Debug|x86
		{725E90FA-C38A-4B9E-8E31-1A861CC29521}.Debug|iPhoneSimulator.ActiveCfg = Debug|x86
		{725E90FA-C38A-4B9E-8E31-1A861CC29521}.Debug|x64.ActiveCfg = Debug|x64
		{725E90FA-C38A-4B9E-8E31-1A861CC29521}.Debug|x64.Build.0 = Debug|x64
		{725E90FA-C38A-4B9E-8E31-1A861CC29521}.Debug|x64.Deploy.0 = Debug|x64
		{725E90FA-C38A-4B9E-8E31-1A861CC29521}.Debug|x86.ActiveCfg = Debug|x86
		{725E90FA-C38A-4B9E-8E31-1A861CC29521}.Debug|x86.Build.0 = Debug|x86
		{725E90FA-C38A-4B9E-8E31-1A861CC29521}.Debug|x86.Deploy.0 = Debug|x86
		{725E90FA-C38A-4B9E-8E31-1A861CC29521}.Release|Any CPU.ActiveCfg = Release|x86
		{725E90FA-C38A-4B9E-8E31-1A861CC29521}.Release|ARM.ActiveCfg = Release|ARM
		{725E90FA-C38A-4B9E-8E31-1A861CC29521}.Release|ARM.Build.0 = Release|ARM
		{725E90FA-C38A-4B9E-8E31-1A861CC29521}.Release|ARM.Deploy.0 = Release|ARM
		{725E90FA-C38A-4B9E-8E31-1A861CC29521}.Release|iPhone.ActiveCfg = Release|x86
		{725E90FA-C38A-4B9E-8E31-1A861CC29521}.Release|iPhoneSimulator.ActiveCfg = Release|x86
		{725E90FA-C38A-4B9E-8E31-1A861CC29521}.Release|x64.ActiveCfg = Release|x64
		{725E90FA-C38A-4B9E-8E31-1A861CC29521}.Release|x64.Build.0 = Release|x64
		{725E90FA-C38A-4B9E-8E31-1A861CC29521}.Release|x64.Deploy.0 = Release|x64
		{725E90FA-C38A-4B9E-8E31-1A861CC29521}.Release|x86.ActiveCfg = Release|x86
		{725E90FA-C38A-4B9E-8E31-1A861CC29521}.Release|x86.Build.0 = Release|x86
		{725E90FA-C38A-4B9E-8E31-1A861CC29521}.Release|x86.Deploy.0 = Release|x86
	EndGlobalSection
	GlobalSection(SolutionProperties) = preSolution
		HideSolutionNode = FALSE
	EndGlobalSection
	GlobalSection(NestedProjects) = preSolution
		{90787E3D-CE86-4B58-9CE2-BA6D7F74477A} = {DEF21157-4036-4A0B-9B5A-EE9C1CA6366A}
		{B55C2F88-6FD4-4376-A3EB-260C757CB789} = {DEF21157-4036-4A0B-9B5A-EE9C1CA6366A}
		{8967E779-81D4-4597-981C-C4602967B278} = {DEF21157-4036-4A0B-9B5A-EE9C1CA6366A}
		{725E90FA-C38A-4B9E-8E31-1A861CC29521} = {DEF21157-4036-4A0B-9B5A-EE9C1CA6366A}
	EndGlobalSection
	GlobalSection(ExtensibilityGlobals) = postSolution
		SolutionGuid = {73183445-05CD-4056-95FF-20CF33610636}
	EndGlobalSection
EndGlobal
